
Microsoft Visual Studio Solution File, Format Version 12.00
# Visual Studio 2012
Project("{FAE04EC0-301F-11D3-BF4B-00C04F79EFBC}") = "XamariniOSNetworkConnection", "XamariniOSNetworkConnection\XamariniOSNetworkConnection.csproj", "{DAB730A6-3C37-484A-9106-43BBC2FBA2D7}"
EndProject
Global
	GlobalSection(SolutionConfigurationPlatforms) = preSolution
		Debug|iPhoneSimulator = Debug|iPhoneSimulator
		Release|iPhone = Release|iPhone
		Release|iPhoneSimulator = Release|iPhoneSimulator
		Debug|iPhone = Debug|iPhone
	EndGlobalSection
	GlobalSection(ProjectConfigurationPlatforms) = postSolution
		{DAB730A6-3C37-484A-9106-43BBC2FBA2D7}.Debug|iPhoneSimulator.ActiveCfg = Debug|iPhoneSimulator
		{DAB730A6-3C37-484A-9106-43BBC2FBA2D7}.Debug|iPhoneSimulator.Build.0 = Debug|iPhoneSimulator
		{DAB730A6-3C37-484A-9106-43BBC2FBA2D7}.Release|iPhone.ActiveCfg = Release|iPhone
		{DAB730A6-3C37-484A-9106-43BBC2FBA2D7}.Release|iPhone.Build.0 = Release|iPhone
		{DAB730A6-3C37-484A-9106-43BBC2FBA2D7}.Release|iPhoneSimulator.ActiveCfg = Release|iPhoneSimulator
		{DAB730A6-3C37-484A-9106-43BBC2FBA2D7}.Release|iPhoneSimulator.Build.0 = Release|iPhoneSimulator
		{DAB730A6-3C37-484A-9106-43BBC2FBA2D7}.Debug|iPhone.ActiveCfg = Debug|iPhone
		{DAB730A6-3C37-484A-9106-43BBC2FBA2D7}.Debug|iPhone.Build.0 = Debug|iPhone
	EndGlobalSection
EndGlobal
